// !$*UTF8*$!
{
	archiveVersion = 1;
	classes = {
	};
	objectVersion = 77;
	objects = {

/* Begin PBXBuildFile section */
		942DDE792EB54DA700A35167 /* GRDB in Frameworks */ = {isa = PBXBuildFile; productRef = 942DDE782EB54DA700A35167 /* GRDB */; };
		942DDE7E2EB5510600A35167 /* Yams in Frameworks */ = {isa = PBXBuildFile; productRef = 942DDE7D2EB5510600A35167 /* Yams */; };
		942DDE812EB554B600A35167 /* DitHostSDK in Frameworks */ = {isa = PBXBuildFile; productRef = 942DDE802EB554B600A35167 /* DitHostSDK */; };
		942DDE832EB55D6E00A35167 /* DitHostSDK-AWSProvider in Frameworks */ = {isa = PBXBuildFile; productRef = 942DDE822EB55D6E00A35167 /* DitHostSDK-AWSProvider */; };
		942DDE862EB55DE200A35167 /* AWSEC2 in Frameworks */ = {isa = PBXBuildFile; productRef = 942DDE852EB55DE200A35167 /* AWSEC2 */; };
		942DDE892EB5606D00A35167 /* JSONSchema in Frameworks */ = {isa = PBXBuildFile; productRef = 942DDE882EB5606D00A35167 /* JSONSchema */; };
		942DDE8B2EB5606D00A35167 /* JSONSchemaBuilder in Frameworks */ = {isa = PBXBuildFile; productRef = 942DDE8A2EB5606D00A35167 /* JSONSchemaBuilder */; };
/* End PBXBuildFile section */

/* Begin PBXContainerItemProxy section */
		94B4B3A72EB42943007C72BF /* PBXContainerItemProxy */ = {
			isa = PBXContainerItemProxy;
			containerPortal = 94B4B38F2EB42942007C72BF /* Project object */;
			proxyType = 1;
			remoteGlobalIDString = 94B4B3962EB42942007C72BF;
			remoteInfo = DitHostSDKExampleApp;
		};
		94B4B3B12EB42943007C72BF /* PBXContainerItemProxy */ = {
			isa = PBXContainerItemProxy;
			containerPortal = 94B4B38F2EB42942007C72BF /* Project object */;
			proxyType = 1;
			remoteGlobalIDString = 94B4B3962EB42942007C72BF;
			remoteInfo = DitHostSDKExampleApp;
		};
/* End PBXContainerItemProxy section */

/* Begin PBXFileReference section */
		94B4B3972EB42942007C72BF /* DitHostSDKExampleApp.app */ = {isa = PBXFileReference; explicitFileType = wrapper.application; includeInIndex = 0; path = DitHostSDKExampleApp.app; sourceTree = BUILT_PRODUCTS_DIR; };
		94B4B3A62EB42943007C72BF /* DitHostSDKExampleAppTests.xctest */ = {isa = PBXFileReference; explicitFileType = wrapper.cfbundle; includeInIndex = 0; path = DitHostSDKExampleAppTests.xctest; sourceTree = BUILT_PRODUCTS_DIR; };
		94B4B3B02EB42943007C72BF /* DitHostSDKExampleAppUITests.xctest */ = {isa = PBXFileReference; explicitFileType = wrapper.cfbundle; includeInIndex = 0; path = DitHostSDKExampleAppUITests.xctest; sourceTree = BUILT_PRODUCTS_DIR; };
/* End PBXFileReference section */

/* Begin PBXFileSystemSynchronizedRootGroup section */
		94B4B3992EB42942007C72BF /* DitHostSDKExampleApp */ = {
			isa = PBXFileSystemSynchronizedRootGroup;
			path = DitHostSDKExampleApp;
			sourceTree = "<group>";
		};
		94B4B3A92EB42943007C72BF /* DitHostSDKExampleAppTests */ = {
			isa = PBXFileSystemSynchronizedRootGroup;
			path = DitHostSDKExampleAppTests;
			sourceTree = "<group>";
		};
		94B4B3B32EB42943007C72BF /* DitHostSDKExampleAppUITests */ = {
			isa = PBXFileSystemSynchronizedRootGroup;
			path = DitHostSDKExampleAppUITests;
			sourceTree = "<group>";
		};
/* End PBXFileSystemSynchronizedRootGroup section */

/* Begin PBXFrameworksBuildPhase section */
		94B4B3942EB42942007C72BF /* Frameworks */ = {
			isa = PBXFrameworksBuildPhase;
			buildActionMask = 2147483647;
			files = (
				942DDE862EB55DE200A35167 /* AWSEC2 in Frameworks */,
				942DDE812EB554B600A35167 /* DitHostSDK in Frameworks */,
				942DDE8B2EB5606D00A35167 /* JSONSchemaBuilder in Frameworks */,
				942DDE7E2EB5510600A35167 /* Yams in Frameworks */,
				942DDE832EB55D6E00A35167 /* DitHostSDK-AWSProvider in Frameworks */,
				942DDE792EB54DA700A35167 /* GRDB in Frameworks */,
				942DDE892EB5606D00A35167 /* JSONSchema in Frameworks */,
			);
			runOnlyForDeploymentPostprocessing = 0;
		};
		94B4B3A32EB42943007C72BF /* Frameworks */ = {
			isa = PBXFrameworksBuildPhase;
			buildActionMask = 2147483647;
			files = (
			);
			runOnlyForDeploymentPostprocessing = 0;
		};
		94B4B3AD2EB42943007C72BF /* Frameworks */ = {
			isa = PBXFrameworksBuildPhase;
			buildActionMask = 2147483647;
			files = (
			);
			runOnlyForDeploymentPostprocessing = 0;
		};
/* End PBXFrameworksBuildPhase section */

/* Begin PBXGroup section */
		942DDE7F2EB554B600A35167 /* Frameworks */ = {
			isa = PBXGroup;
			children = (
			);
			name = Frameworks;
			sourceTree = "<group>";
		};
		94B4B38E2EB42942007C72BF = {
			isa = PBXGroup;
			children = (
				94B4B3992EB42942007C72BF /* DitHostSDKExampleApp */,
				94B4B3A92EB42943007C72BF /* DitHostSDKExampleAppTests */,
				94B4B3B32EB42943007C72BF /* DitHostSDKExampleAppUITests */,
				942DDE7F2EB554B600A35167 /* Frameworks */,
				94B4B3982EB42942007C72BF /* Products */,
			);
			sourceTree = "<group>";
		};
		94B4B3982EB42942007C72BF /* Products */ = {
			isa = PBXGroup;
			children = (
				94B4B3972EB42942007C72BF /* DitHostSDKExampleApp.app */,
				94B4B3A62EB42943007C72BF /* DitHostSDKExampleAppTests.xctest */,
				94B4B3B02EB42943007C72BF /* DitHostSDKExampleAppUITests.xctest */,
			);
			name = Products;
			sourceTree = "<group>";
		};
/* End PBXGroup section */

/* Begin PBXNativeTarget section */
		94B4B3962EB42942007C72BF /* DitHostSDKExampleApp */ = {
			isa = PBXNativeTarget;
			buildConfigurationList = 94B4B3BA2EB42943007C72BF /* Build configuration list for PBXNativeTarget "DitHostSDKExampleApp" */;
			buildPhases = (
				94B4B3932EB42942007C72BF /* Sources */,
				94B4B3942EB42942007C72BF /* Frameworks */,
				94B4B3952EB42942007C72BF /* Resources */,
			);
			buildRules = (
			);
			dependencies = (
			);
			fileSystemSynchronizedGroups = (
				94B4B3992EB42942007C72BF /* DitHostSDKExampleApp */,
			);
			name = DitHostSDKExampleApp;
			packageProductDependencies = (
				942DDE782EB54DA700A35167 /* GRDB */,
				942DDE7D2EB5510600A35167 /* Yams */,
				942DDE802EB554B600A35167 /* DitHostSDK */,
				942DDE822EB55D6E00A35167 /* DitHostSDK-AWSProvider */,
				942DDE852EB55DE200A35167 /* AWSEC2 */,
				942DDE882EB5606D00A35167 /* JSONSchema */,
				942DDE8A2EB5606D00A35167 /* JSONSchemaBuilder */,
			);
			productName = DitHostSDKExampleApp;
			productReference = 94B4B3972EB42942007C72BF /* DitHostSDKExampleApp.app */;
			productType = "com.apple.product-type.application";
		};
		94B4B3A52EB42943007C72BF /* DitHostSDKExampleAppTests */ = {
			isa = PBXNativeTarget;
			buildConfigurationList = 94B4B3BD2EB42943007C72BF /* Build configuration list for PBXNativeTarget "DitHostSDKExampleAppTests" */;
			buildPhases = (
				94B4B3A22EB42943007C72BF /* Sources */,
				94B4B3A32EB42943007C72BF /* Frameworks */,
				94B4B3A42EB42943007C72BF /* Resources */,
			);
			buildRules = (
			);
			dependencies = (
				94B4B3A82EB42943007C72BF /* PBXTargetDependency */,
			);
			fileSystemSynchronizedGroups = (
				94B4B3A92EB42943007C72BF /* DitHostSDKExampleAppTests */,
			);
			name = DitHostSDKExampleAppTests;
			packageProductDependencies = (
			);
			productName = DitHostSDKExampleAppTests;
			productReference = 94B4B3A62EB42943007C72BF /* DitHostSDKExampleAppTests.xctest */;
			productType = "com.apple.product-type.bundle.unit-test";
		};
		94B4B3AF2EB42943007C72BF /* DitHostSDKExampleAppUITests */ = {
			isa = PBXNativeTarget;
			buildConfigurationList = 94B4B3C02EB42943007C72BF /* Build configuration list for PBXNativeTarget "DitHostSDKExampleAppUITests" */;
			buildPhases = (
				94B4B3AC2EB42943007C72BF /* Sources */,
				94B4B3AD2EB42943007C72BF /* Frameworks */,
				94B4B3AE2EB42943007C72BF /* Resources */,
			);
			buildRules = (
			);
			dependencies = (
				94B4B3B22EB42943007C72BF /* PBXTargetDependency */,
			);
			fileSystemSynchronizedGroups = (
				94B4B3B32EB42943007C72BF /* DitHostSDKExampleAppUITests */,
			);
			name = DitHostSDKExampleAppUITests;
			packageProductDependencies = (
			);
			productName = DitHostSDKExampleAppUITests;
			productReference = 94B4B3B02EB42943007C72BF /* DitHostSDKExampleAppUITests.xctest */;
			productType = "com.apple.product-type.bundle.ui-testing";
		};
/* End PBXNativeTarget section */

/* Begin PBXProject section */
		94B4B38F2EB42942007C72BF /* Project object */ = {
			isa = PBXProject;
			attributes = {
				BuildIndependentTargetsInParallel = 1;
				LastSwiftUpdateCheck = 2600;
				LastUpgradeCheck = 2600;
				TargetAttributes = {
					94B4B3962EB42942007C72BF = {
						CreatedOnToolsVersion = 26.0.1;
					};
					94B4B3A52EB42943007C72BF = {
						CreatedOnToolsVersion = 26.0.1;
						TestTargetID = 94B4B3962EB42942007C72BF;
					};
					94B4B3AF2EB42943007C72BF = {
						CreatedOnToolsVersion = 26.0.1;
						TestTargetID = 94B4B3962EB42942007C72BF;
					};
				};
			};
			buildConfigurationList = 94B4B3922EB42942007C72BF /* Build configuration list for PBXProject "DitHostSDKExampleApp" */;
			developmentRegion = en;
			hasScannedForEncodings = 0;
			knownRegions = (
				en,
				Base,
			);
			mainGroup = 94B4B38E2EB42942007C72BF;
			minimizedProjectReferenceProxies = 1;
			packageReferences = (
				94B4B3C32EB429FC007C72BF /* XCLocalSwiftPackageReference "../DitHostSDK" */,
				942DDE772EB54DA700A35167 /* XCRemoteSwiftPackageReference "GRDB.swift" */,
				942DDE7C2EB5510600A35167 /* XCRemoteSwiftPackageReference "Yams" */,
				942DDE842EB55DE200A35167 /* XCRemoteSwiftPackageReference "aws-sdk-swift" */,
				942DDE872EB5606D00A35167 /* XCRemoteSwiftPackageReference "swift-json-schema" */,
			);
			preferredProjectObjectVersion = 77;
			productRefGroup = 94B4B3982EB42942007C72BF /* Products */;
			projectDirPath = "";
			projectRoot = "";
			targets = (
				94B4B3962EB42942007C72BF /* DitHostSDKExampleApp */,
				94B4B3A52EB42943007C72BF /* DitHostSDKExampleAppTests */,
				94B4B3AF2EB42943007C72BF /* DitHostSDKExampleAppUITests */,
			);
		};
/* End PBXProject section */

/* Begin PBXResourcesBuildPhase section */
		94B4B3952EB42942007C72BF /* Resources */ = {
			isa = PBXResourcesBuildPhase;
			buildActionMask = 2147483647;
			files = (
			);
			runOnlyForDeploymentPostprocessing = 0;
		};
		94B4B3A42EB42943007C72BF /* Resources */ = {
			isa = PBXResourcesBuildPhase;
			buildActionMask = 2147483647;
			files = (
			);
			runOnlyForDeploymentPostprocessing = 0;
		};
		94B4B3AE2EB42943007C72BF /* Resources */ = {
			isa = PBXResourcesBuildPhase;
			buildActionMask = 2147483647;
			files = (
			);
			runOnlyForDeploymentPostprocessing = 0;
		};
/* End PBXResourcesBuildPhase section */

/* Begin PBXSourcesBuildPhase section */
		94B4B3932EB42942007C72BF /* Sources */ = {
			isa = PBXSourcesBuildPhase;
			buildActionMask = 2147483647;
			files = (
			);
			runOnlyForDeploymentPostprocessing = 0;
		};
		94B4B3A22EB42943007C72BF /* Sources */ = {
			isa = PBXSourcesBuildPhase;
			buildActionMask = 2147483647;
			files = (
			);
			runOnlyForDeploymentPostprocessing = 0;
		};
		94B4B3AC2EB42943007C72BF /* Sources */ = {
			isa = PBXSourcesBuildPhase;
			buildActionMask = 2147483647;
			files = (
			);
			runOnlyForDeploymentPostprocessing = 0;
		};
/* End PBXSourcesBuildPhase section */

/* Begin PBXTargetDependency section */
		94B4B3A82EB42943007C72BF /* PBXTargetDependency */ = {
			isa = PBXTargetDependency;
			target = 94B4B3962EB42942007C72BF /* DitHostSDKExampleApp */;
			targetProxy = 94B4B3A72EB42943007C72BF /* PBXContainerItemProxy */;
		};
		94B4B3B22EB42943007C72BF /* PBXTargetDependency */ = {
			isa = PBXTargetDependency;
			target = 94B4B3962EB42942007C72BF /* DitHostSDKExampleApp */;
			targetProxy = 94B4B3B12EB42943007C72BF /* PBXContainerItemProxy */;
		};
/* End PBXTargetDependency section */

/* Begin XCBuildConfiguration section */
		94B4B3B82EB42943007C72BF /* Debug */ = {
			isa = XCBuildConfiguration;
			buildSettings = {
				ALWAYS_SEARCH_USER_PATHS = NO;
				ASSETCATALOG_COMPILER_GENERATE_SWIFT_ASSET_SYMBOL_EXTENSIONS = YES;
				CLANG_ANALYZER_NONNULL = YES;
				CLANG_ANALYZER_NUMBER_OBJECT_CONVERSION = YES_AGGRESSIVE;
				CLANG_CXX_LANGUAGE_STANDARD = "gnu++20";
				CLANG_ENABLE_MODULES = YES;
				CLANG_ENABLE_OBJC_ARC = YES;
				CLANG_ENABLE_OBJC_WEAK = YES;
				CLANG_WARN_BLOCK_CAPTURE_AUTORELEASING = YES;
				CLANG_WARN_BOOL_CONVERSION = YES;
				CLANG_WARN_COMMA = YES;
				CLANG_WARN_CONSTANT_CONVERSION = YES;
				CLANG_WARN_DEPRECATED_OBJC_IMPLEMENTATIONS = YES;
				CLANG_WARN_DIRECT_OBJC_ISA_USAGE = YES_ERROR;
				CLANG_WARN_DOCUMENTATION_COMMENTS = YES;
				CLANG_WARN_EMPTY_BODY = YES;
				CLANG_WARN_ENUM_CONVERSION = YES;
				CLANG_WARN_INFINITE_RECURSION = YES;
				CLANG_WARN_INT_CONVERSION = YES;
				CLANG_WARN_NON_LITERAL_NULL_CONVERSION = YES;
				CLANG_WARN_OBJC_IMPLICIT_RETAIN_SELF = YES;
				CLANG_WARN_OBJC_LITERAL_CONVERSION = YES;
				CLANG_WARN_OBJC_ROOT_CLASS = YES_ERROR;
				CLANG_WARN_QUOTED_INCLUDE_IN_FRAMEWORK_HEADER = YES;
				CLANG_WARN_RANGE_LOOP_ANALYSIS = YES;
				CLANG_WARN_STRICT_PROTOTYPES = YES;
				CLANG_WARN_SUSPICIOUS_MOVE = YES;
				CLANG_WARN_UNGUARDED_AVAILABILITY = YES_AGGRESSIVE;
				CLANG_WARN_UNREACHABLE_CODE = YES;
				CLANG_WARN__DUPLICATE_METHOD_MATCH = YES;
				COPY_PHASE_STRIP = NO;
				DEBUG_INFORMATION_FORMAT = dwarf;
				ENABLE_STRICT_OBJC_MSGSEND = YES;
				ENABLE_TESTABILITY = YES;
				ENABLE_USER_SCRIPT_SANDBOXING = YES;
				GCC_C_LANGUAGE_STANDARD = gnu17;
				GCC_DYNAMIC_NO_PIC = NO;
				GCC_NO_COMMON_BLOCKS = YES;
				GCC_OPTIMIZATION_LEVEL = 0;
				GCC_PREPROCESSOR_DEFINITIONS = (
					"DEBUG=1",
					"$(inherited)",
				);
				GCC_WARN_64_TO_32_BIT_CONVERSION = YES;
				GCC_WARN_ABOUT_RETURN_TYPE = YES_ERROR;
				GCC_WARN_UNDECLARED_SELECTOR = YES;
				GCC_WARN_UNINITIALIZED_AUTOS = YES_AGGRESSIVE;
				GCC_WARN_UNUSED_FUNCTION = YES;
				GCC_WARN_UNUSED_VARIABLE = YES;
				IPHONEOS_DEPLOYMENT_TARGET = 26.0;
				LOCALIZATION_PREFERS_STRING_CATALOGS = YES;
				MTL_ENABLE_DEBUG_INFO = INCLUDE_SOURCE;
				MTL_FAST_MATH = YES;
				ONLY_ACTIVE_ARCH = YES;
				SDKROOT = iphoneos;
				SWIFT_ACTIVE_COMPILATION_CONDITIONS = "DEBUG $(inherited)";
				SWIFT_OPTIMIZATION_LEVEL = "-Onone";
			};
			name = Debug;
		};
		94B4B3B92EB42943007C72BF /* Release */ = {
			isa = XCBuildConfiguration;
			buildSettings = {
				ALWAYS_SEARCH_USER_PATHS = NO;
				ASSETCATALOG_COMPILER_GENERATE_SWIFT_ASSET_SYMBOL_EXTENSIONS = YES;
				CLANG_ANALYZER_NONNULL = YES;
				CLANG_ANALYZER_NUMBER_OBJECT_CONVERSION = YES_AGGRESSIVE;
				CLANG_CXX_LANGUAGE_STANDARD = "gnu++20";
				CLANG_ENABLE_MODULES = YES;
				CLANG_ENABLE_OBJC_ARC = YES;
				CLANG_ENABLE_OBJC_WEAK = YES;
				CLANG_WARN_BLOCK_CAPTURE_AUTORELEASING = YES;
				CLANG_WARN_BOOL_CONVERSION = YES;
				CLANG_WARN_COMMA = YES;
				CLANG_WARN_CONSTANT_CONVERSION = YES;
				CLANG_WARN_DEPRECATED_OBJC_IMPLEMENTATIONS = YES;
				CLANG_WARN_DIRECT_OBJC_ISA_USAGE = YES_ERROR;
				CLANG_WARN_DOCUMENTATION_COMMENTS = YES;
				CLANG_WARN_EMPTY_BODY = YES;
				CLANG_WARN_ENUM_CONVERSION = YES;
				CLANG_WARN_INFINITE_RECURSION = YES;
				CLANG_WARN_INT_CONVERSION = YES;
				CLANG_WARN_NON_LITERAL_NULL_CONVERSION = YES;
				CLANG_WARN_OBJC_IMPLICIT_RETAIN_SELF = YES;
				CLANG_WARN_OBJC_LITERAL_CONVERSION = YES;
				CLANG_WARN_OBJC_ROOT_CLASS = YES_ERROR;
				CLANG_WARN_QUOTED_INCLUDE_IN_FRAMEWORK_HEADER = YES;
				CLANG_WARN_RANGE_LOOP_ANALYSIS = YES;
				CLANG_WARN_STRICT_PROTOTYPES = YES;
				CLANG_WARN_SUSPICIOUS_MOVE = YES;
				CLANG_WARN_UNGUARDED_AVAILABILITY = YES_AGGRESSIVE;
				CLANG_WARN_UNREACHABLE_CODE = YES;
				CLANG_WARN__DUPLICATE_METHOD_MATCH = YES;
				COPY_PHASE_STRIP = NO;
				DEBUG_INFORMATION_FORMAT = "dwarf-with-dsym";
				ENABLE_NS_ASSERTIONS = NO;
				ENABLE_STRICT_OBJC_MSGSEND = YES;
				ENABLE_USER_SCRIPT_SANDBOXING = YES;
				GCC_C_LANGUAGE_STANDARD = gnu17;
				GCC_NO_COMMON_BLOCKS = YES;
				GCC_WARN_64_TO_32_BIT_CONVERSION = YES;
				GCC_WARN_ABOUT_RETURN_TYPE = YES_ERROR;
				GCC_WARN_UNDECLARED_SELECTOR = YES;
				GCC_WARN_UNINITIALIZED_AUTOS = YES_AGGRESSIVE;
				GCC_WARN_UNUSED_FUNCTION = YES;
				GCC_WARN_UNUSED_VARIABLE = YES;
				IPHONEOS_DEPLOYMENT_TARGET = 26.0;
				LOCALIZATION_PREFERS_STRING_CATALOGS = YES;
				MTL_ENABLE_DEBUG_INFO = NO;
				MTL_FAST_MATH = YES;
				SDKROOT = iphoneos;
				SWIFT_COMPILATION_MODE = wholemodule;
				VALIDATE_PRODUCT = YES;
			};
			name = Release;
		};
		94B4B3BB2EB42943007C72BF /* Debug */ = {
			isa = XCBuildConfiguration;
			buildSettings = {
				ASSETCATALOG_COMPILER_APPICON_NAME = AppIcon;
				ASSETCATALOG_COMPILER_GLOBAL_ACCENT_COLOR_NAME = AccentColor;
				CODE_SIGN_STYLE = Automatic;
				CURRENT_PROJECT_VERSION = 1;
				ENABLE_PREVIEWS = YES;
				GENERATE_INFOPLIST_FILE = YES;
				INFOPLIST_KEY_UIApplicationSceneManifest_Generation = YES;
				INFOPLIST_KEY_UIApplicationSupportsIndirectInputEvents = YES;
				INFOPLIST_KEY_UILaunchScreen_Generation = YES;
				INFOPLIST_KEY_UISupportedInterfaceOrientations_iPad = "UIInterfaceOrientationPortrait UIInterfaceOrientationPortraitUpsideDown UIInterfaceOrientationLandscapeLeft UIInterfaceOrientationLandscapeRight";
				INFOPLIST_KEY_UISupportedInterfaceOrientations_iPhone = "UIInterfaceOrientationPortrait UIInterfaceOrientationLandscapeLeft UIInterfaceOrientationLandscapeRight";
				LD_RUNPATH_SEARCH_PATHS = (
					"$(inherited)",
					"@executable_path/Frameworks",
				);
				MARKETING_VERSION = 1.0;
				PRODUCT_BUNDLE_IDENTIFIER = me.nnayr.DitHostSDKExampleApp;
				PRODUCT_NAME = "$(TARGET_NAME)";
				STRING_CATALOG_GENERATE_SYMBOLS = YES;
				SWIFT_APPROACHABLE_CONCURRENCY = YES;
				SWIFT_DEFAULT_ACTOR_ISOLATION = MainActor;
				SWIFT_EMIT_LOC_STRINGS = YES;
				SWIFT_UPCOMING_FEATURE_MEMBER_IMPORT_VISIBILITY = YES;
				SWIFT_VERSION = 5.0;
				TARGETED_DEVICE_FAMILY = "1,2";
			};
			name = Debug;
		};
		94B4B3BC2EB42943007C72BF /* Release */ = {
			isa = XCBuildConfiguration;
			buildSettings = {
				ASSETCATALOG_COMPILER_APPICON_NAME = AppIcon;
				ASSETCATALOG_COMPILER_GLOBAL_ACCENT_COLOR_NAME = AccentColor;
				CODE_SIGN_STYLE = Automatic;
				CURRENT_PROJECT_VERSION = 1;
				ENABLE_PREVIEWS = YES;
				GENERATE_INFOPLIST_FILE = YES;
				INFOPLIST_KEY_UIApplicationSceneManifest_Generation = YES;
				INFOPLIST_KEY_UIApplicationSupportsIndirectInputEvents = YES;
				INFOPLIST_KEY_UILaunchScreen_Generation = YES;
				INFOPLIST_KEY_UISupportedInterfaceOrientations_iPad = "UIInterfaceOrientationPortrait UIInterfaceOrientationPortraitUpsideDown UIInterfaceOrientationLandscapeLeft UIInterfaceOrientationLandscapeRight";
				INFOPLIST_KEY_UISupportedInterfaceOrientations_iPhone = "UIInterfaceOrientationPortrait UIInterfaceOrientationLandscapeLeft UIInterfaceOrientationLandscapeRight";
				LD_RUNPATH_SEARCH_PATHS = (
					"$(inherited)",
					"@executable_path/Frameworks",
				);
				MARKETING_VERSION = 1.0;
				PRODUCT_BUNDLE_IDENTIFIER = me.nnayr.DitHostSDKExampleApp;
				PRODUCT_NAME = "$(TARGET_NAME)";
				STRING_CATALOG_GENERATE_SYMBOLS = YES;
				SWIFT_APPROACHABLE_CONCURRENCY = YES;
				SWIFT_DEFAULT_ACTOR_ISOLATION = MainActor;
				SWIFT_EMIT_LOC_STRINGS = YES;
				SWIFT_UPCOMING_FEATURE_MEMBER_IMPORT_VISIBILITY = YES;
				SWIFT_VERSION = 5.0;
				TARGETED_DEVICE_FAMILY = "1,2";
			};
			name = Release;
		};
		94B4B3BE2EB42943007C72BF /* Debug */ = {
			isa = XCBuildConfiguration;
			buildSettings = {
				BUNDLE_LOADER = "$(TEST_HOST)";
				CODE_SIGN_STYLE = Automatic;
				CURRENT_PROJECT_VERSION = 1;
				GENERATE_INFOPLIST_FILE = YES;
				IPHONEOS_DEPLOYMENT_TARGET = 26.0;
				MARKETING_VERSION = 1.0;
				PRODUCT_BUNDLE_IDENTIFIER = me.nnayr.DitHostSDKExampleAppTests;
				PRODUCT_NAME = "$(TARGET_NAME)";
				STRING_CATALOG_GENERATE_SYMBOLS = NO;
				SWIFT_APPROACHABLE_CONCURRENCY = YES;
				SWIFT_EMIT_LOC_STRINGS = NO;
				SWIFT_UPCOMING_FEATURE_MEMBER_IMPORT_VISIBILITY = YES;
				SWIFT_VERSION = 5.0;
				TARGETED_DEVICE_FAMILY = "1,2";
				TEST_HOST = "$(BUILT_PRODUCTS_DIR)/DitHostSDKExampleApp.app/$(BUNDLE_EXECUTABLE_FOLDER_PATH)/DitHostSDKExampleApp";
			};
			name = Debug;
		};
		94B4B3BF2EB42943007C72BF /* Release */ = {
			isa = XCBuildConfiguration;
			buildSettings = {
				BUNDLE_LOADER = "$(TEST_HOST)";
				CODE_SIGN_STYLE = Automatic;
				CURRENT_PROJECT_VERSION = 1;
				GENERATE_INFOPLIST_FILE = YES;
				IPHONEOS_DEPLOYMENT_TARGET = 26.0;
				MARKETING_VERSION = 1.0;
				PRODUCT_BUNDLE_IDENTIFIER = me.nnayr.DitHostSDKExampleAppTests;
				PRODUCT_NAME = "$(TARGET_NAME)";
				STRING_CATALOG_GENERATE_SYMBOLS = NO;
				SWIFT_APPROACHABLE_CONCURRENCY = YES;
				SWIFT_EMIT_LOC_STRINGS = NO;
				SWIFT_UPCOMING_FEATURE_MEMBER_IMPORT_VISIBILITY = YES;
				SWIFT_VERSION = 5.0;
				TARGETED_DEVICE_FAMILY = "1,2";
				TEST_HOST = "$(BUILT_PRODUCTS_DIR)/DitHostSDKExampleApp.app/$(BUNDLE_EXECUTABLE_FOLDER_PATH)/DitHostSDKExampleApp";
			};
			name = Release;
		};
		94B4B3C12EB42943007C72BF /* Debug */ = {
			isa = XCBuildConfiguration;
			buildSettings = {
				CODE_SIGN_STYLE = Automatic;
				CURRENT_PROJECT_VERSION = 1;
				GENERATE_INFOPLIST_FILE = YES;
				MARKETING_VERSION = 1.0;
				PRODUCT_BUNDLE_IDENTIFIER = me.nnayr.DitHostSDKExampleAppUITests;
				PRODUCT_NAME = "$(TARGET_NAME)";
				STRING_CATALOG_GENERATE_SYMBOLS = NO;
				SWIFT_APPROACHABLE_CONCURRENCY = YES;
				SWIFT_EMIT_LOC_STRINGS = NO;
				SWIFT_UPCOMING_FEATURE_MEMBER_IMPORT_VISIBILITY = YES;
				SWIFT_VERSION = 5.0;
				TARGETED_DEVICE_FAMILY = "1,2";
				TEST_TARGET_NAME = DitHostSDKExampleApp;
			};
			name = Debug;
		};
		94B4B3C22EB42943007C72BF /* Release */ = {
			isa = XCBuildConfiguration;
			buildSettings = {
				CODE_SIGN_STYLE = Automatic;
				CURRENT_PROJECT_VERSION = 1;
				GENERATE_INFOPLIST_FILE = YES;
				MARKETING_VERSION = 1.0;
				PRODUCT_BUNDLE_IDENTIFIER = me.nnayr.DitHostSDKExampleAppUITests;
				PRODUCT_NAME = "$(TARGET_NAME)";
				STRING_CATALOG_GENERATE_SYMBOLS = NO;
				SWIFT_APPROACHABLE_CONCURRENCY = YES;
				SWIFT_EMIT_LOC_STRINGS = NO;
				SWIFT_UPCOMING_FEATURE_MEMBER_IMPORT_VISIBILITY = YES;
				SWIFT_VERSION = 5.0;
				TARGETED_DEVICE_FAMILY = "1,2";
				TEST_TARGET_NAME = DitHostSDKExampleApp;
			};
			name = Release;
		};
/* End XCBuildConfiguration section */

/* Begin XCConfigurationList section */
		94B4B3922EB42942007C72BF /* Build configuration list for PBXProject "DitHostSDKExampleApp" */ = {
			isa = XCConfigurationList;
			buildConfigurations = (
				94B4B3B82EB42943007C72BF /* Debug */,
				94B4B3B92EB42943007C72BF /* Release */,
			);
			defaultConfigurationIsVisible = 0;
			defaultConfigurationName = Release;
		};
		94B4B3BA2EB42943007C72BF /* Build configuration list for PBXNativeTarget "DitHostSDKExampleApp" */ = {
			isa = XCConfigurationList;
			buildConfigurations = (
				94B4B3BB2EB42943007C72BF /* Debug */,
				94B4B3BC2EB42943007C72BF /* Release */,
			);
			defaultConfigurationIsVisible = 0;
			defaultConfigurationName = Release;
		};
		94B4B3BD2EB42943007C72BF /* Build configuration list for PBXNativeTarget "DitHostSDKExampleAppTests" */ = {
			isa = XCConfigurationList;
			buildConfigurations = (
				94B4B3BE2EB42943007C72BF /* Debug */,
				94B4B3BF2EB42943007C72BF /* Release */,
			);
			defaultConfigurationIsVisible = 0;
			defaultConfigurationName = Release;
		};
		94B4B3C02EB42943007C72BF /* Build configuration list for PBXNativeTarget "DitHostSDKExampleAppUITests" */ = {
			isa = XCConfigurationList;
			buildConfigurations = (
				94B4B3C12EB42943007C72BF /* Debug */,
				94B4B3C22EB42943007C72BF /* Release */,
			);
			defaultConfigurationIsVisible = 0;
			defaultConfigurationName = Release;
		};
/* End XCConfigurationList section */

/* Begin XCLocalSwiftPackageReference section */
		94B4B3C32EB429FC007C72BF /* XCLocalSwiftPackageReference "../DitHostSDK" */ = {
			isa = XCLocalSwiftPackageReference;
			relativePath = ../DitHostSDK;
		};
/* End XCLocalSwiftPackageReference section */

/* Begin XCRemoteSwiftPackageReference section */
		942DDE772EB54DA700A35167 /* XCRemoteSwiftPackageReference "GRDB.swift" */ = {
			isa = XCRemoteSwiftPackageReference;
			repositoryURL = "https://github.com/groue/GRDB.swift.git";
			requirement = {
				kind = upToNextMajorVersion;
				minimumVersion = 1.0.0;
			};
		};
		942DDE7C2EB5510600A35167 /* XCRemoteSwiftPackageReference "Yams" */ = {
			isa = XCRemoteSwiftPackageReference;
			repositoryURL = "https://github.com/jpsim/Yams";
			requirement = {
				kind = upToNextMajorVersion;
				minimumVersion = 6.2.0;
			};
		};
		942DDE842EB55DE200A35167 /* XCRemoteSwiftPackageReference "aws-sdk-swift" */ = {
			isa = XCRemoteSwiftPackageReference;
			repositoryURL = "https://github.com/awslabs/aws-sdk-swift";
			requirement = {
				kind = upToNextMajorVersion;
				minimumVersion = 1.5.74;
			};
		};
		942DDE872EB5606D00A35167 /* XCRemoteSwiftPackageReference "swift-json-schema" */ = {
			isa = XCRemoteSwiftPackageReference;
			repositoryURL = "https://github.com/ajevans99/swift-json-schema";
			requirement = {
				kind = upToNextMajorVersion;
				minimumVersion = 1.0.0;
			};
		};
/* End XCRemoteSwiftPackageReference section */

/* Begin XCSwiftPackageProductDependency section */
		942DDE782EB54DA700A35167 /* GRDB */ = {
			isa = XCSwiftPackageProductDependency;
			package = 942DDE772EB54DA700A35167 /* XCRemoteSwiftPackageReference "GRDB.swift" */;
			productName = GRDB;
		};
		942DDE7D2EB5510600A35167 /* Yams */ = {
			isa = XCSwiftPackageProductDependency;
			package = 942DDE7C2EB5510600A35167 /* XCRemoteSwiftPackageReference "Yams" */;
			productName = Yams;
		};
		942DDE802EB554B600A35167 /* DitHostSDK */ = {
			isa = XCSwiftPackageProductDependency;
			package = 94B4B3C32EB429FC007C72BF /* XCLocalSwiftPackageReference "../DitHostSDK" */;
			productName = DitHostSDK;
		};
		942DDE822EB55D6E00A35167 /* DitHostSDK-AWSProvider */ = {
			isa = XCSwiftPackageProductDependency;
			package = 94B4B3C32EB429FC007C72BF /* XCLocalSwiftPackageReference "../DitHostSDK" */;
			productName = "DitHostSDK-AWSProvider";
		};
		942DDE852EB55DE200A35167 /* AWSEC2 */ = {
			isa = XCSwiftPackageProductDependency;
			package = 942DDE842EB55DE200A35167 /* XCRemoteSwiftPackageReference "aws-sdk-swift" */;
			productName = AWSEC2;
		};
		942DDE882EB5606D00A35167 /* JSONSchema */ = {
			isa = XCSwiftPackageProductDependency;
			package = 942DDE872EB5606D00A35167 /* XCRemoteSwiftPackageReference "swift-json-schema" */;
			productName = JSONSchema;
		};
		942DDE8A2EB5606D00A35167 /* JSONSchemaBuilder */ = {
			isa = XCSwiftPackageProductDependency;
			package = 942DDE872EB5606D00A35167 /* XCRemoteSwiftPackageReference "swift-json-schema" */;
			productName = JSONSchemaBuilder;
		};
/* End XCSwiftPackageProductDependency section */
	};
	rootObject = 94B4B38F2EB42942007C72BF /* Project object */;
}
